
Microsoft Visual Studio Solution File, Format Version 12.00
# Visual Studio 15
VisualStudioVersion = 15.0.28010.2048
MinimumVisualStudioVersion = 10.0.40219.1
Project("{FAE04EC0-301F-11D3-BF4B-00C04F79EFBC}") = "FACTORIAL", "FACTORIAL\FACTORIAL.csproj", "{3AB69B17-B5CB-49EB-ADE5-6FDFB9E9BCFC}"
EndProject
Global
	GlobalSection(SolutionConfigurationPlatforms) = preSolution
		Debug|Any CPU = Debug|Any CPU
		Release|Any CPU = Release|Any CPU
	EndGlobalSection
	GlobalSection(ProjectConfigurationPlatforms) = postSolution
		{3AB69B17-B5CB-49EB-ADE5-6FDFB9E9BCFC}.Debug|Any CPU.ActiveCfg = Debug|Any CPU
		{3AB69B17-B5CB-49EB-ADE5-6FDFB9E9BCFC}.Debug|Any CPU.Build.0 = Debug|Any CPU
		{3AB69B17-B5CB-49EB-ADE5-6FDFB9E9BCFC}.Release|Any CPU.ActiveCfg = Release|Any CPU
		{3AB69B17-B5CB-49EB-ADE5-6FDFB9E9BCFC}.Release|Any CPU.Build.0 = Release|Any CPU
	EndGlobalSection
	GlobalSection(SolutionProperties) = preSolution
		HideSolutionNode = FALSE
	EndGlobalSection
	GlobalSection(ExtensibilityGlobals) = postSolution
		SolutionGuid = {75C702F2-FC7F-4EBA-9DD4-84B82FD675CE}
	EndGlobalSection
EndGlobal
